
Microsoft Visual Studio Solution File, Format Version 12.00
# Visual Studio 15
VisualStudioVersion = 15.0.27004.2009
MinimumVisualStudioVersion = 10.0.40219.1
Project("{FAE04EC0-301F-11D3-BF4B-00C04F79EFBC}") = "KNNBackgroundCalculations", "KNNBackgroundCalculations\KNNBackgroundCalculations.csproj", "{9D8BCC43-FB49-4983-8713-A33F643B41B3}"
EndProject
Project("{FAE04EC0-301F-11D3-BF4B-00C04F79EFBC}") = "KNNBackgroundCalculationsTests", "KNNTests\KNNBackgroundCalculationsTests.csproj", "{92BF3A2F-F12C-4C31-A31C-7647233555F8}"
EndProject
Project("{FAE04EC0-301F-11D3-BF4B-00C04F79EFBC}") = "KNNWpfGUI", "KNNWpfGUI\KNNWpfGUI.csproj", "{FEEBB6B6-76E2-44EE-9EA5-A7CB89ED3903}"
EndProject
Global
	GlobalSection(SolutionConfigurationPlatforms) = preSolution
		Debug|Any CPU = Debug|Any CPU
		Release|Any CPU = Release|Any CPU
	EndGlobalSection
	GlobalSection(ProjectConfigurationPlatforms) = postSolution
		{9D8BCC43-FB49-4983-8713-A33F643B41B3}.Debug|Any CPU.ActiveCfg = Debug|Any CPU
		{9D8BCC43-FB49-4983-8713-A33F643B41B3}.Debug|Any CPU.Build.0 = Debug|Any CPU
		{9D8BCC43-FB49-4983-8713-A33F643B41B3}.Release|Any CPU.ActiveCfg = Release|Any CPU
		{9D8BCC43-FB49-4983-8713-A33F643B41B3}.Release|Any CPU.Build.0 = Release|Any CPU
		{92BF3A2F-F12C-4C31-A31C-7647233555F8}.Debug|Any CPU.ActiveCfg = Debug|Any CPU
		{92BF3A2F-F12C-4C31-A31C-7647233555F8}.Debug|Any CPU.Build.0 = Debug|Any CPU
		{92BF3A2F-F12C-4C31-A31C-7647233555F8}.Release|Any CPU.ActiveCfg = Release|Any CPU
		{92BF3A2F-F12C-4C31-A31C-7647233555F8}.Release|Any CPU.Build.0 = Release|Any CPU
		{FEEBB6B6-76E2-44EE-9EA5-A7CB89ED3903}.Debug|Any CPU.ActiveCfg = Debug|Any CPU
		{FEEBB6B6-76E2-44EE-9EA5-A7CB89ED3903}.Debug|Any CPU.Build.0 = Debug|Any CPU
		{FEEBB6B6-76E2-44EE-9EA5-A7CB89ED3903}.Release|Any CPU.ActiveCfg = Release|Any CPU
		{FEEBB6B6-76E2-44EE-9EA5-A7CB89ED3903}.Release|Any CPU.Build.0 = Release|Any CPU
	EndGlobalSection
	GlobalSection(SolutionProperties) = preSolution
		HideSolutionNode = FALSE
	EndGlobalSection
	GlobalSection(ExtensibilityGlobals) = postSolution
		SolutionGuid = {3B31B309-97A5-4B54-8670-16318AE385A6}
	EndGlobalSection
EndGlobal
